<?xml version="1.0" encoding="UTF-8"?>
<CodeBlocks_project_file>
	<FileVersion major="1" minor="6"/>
	<Project>
		<Option title="Glad"/>
		<Option makefile_is_custom="1"/>
		<Option compiler="gcc"/>
		<Option virtualFolders="CMake Files\;CMake Files\include\;CMake Files\include\glad\;CMake Files\include\glm\;CMake Files\..\;CMake Files\..\..\;CMake Files\..\..\..\;CMake Files\..\..\..\..\;CMake Files\..\..\..\..\..\;CMake Files\..\..\..\..\..\..\;CMake Files\..\..\..\..\..\..\usr\;CMake Files\..\..\..\..\..\..\usr\local\;CMake Files\..\..\..\..\..\..\usr\local\lib\;CMake Files\..\..\..\..\..\..\usr\local\lib\cmake\;CMake Files\..\..\..\..\..\..\usr\local\lib\cmake\glfw3\;CMake Files\configuration\;"/>
		<Build>
			<Target title="all">
				<Option working_dir="/Users/admin/Documents/Project/Learning/opengl/include/glad"/>
				<Option type="4"/>
				<MakeCommands>
					<Build command="/usr/bin/make -j8 -f &quot;/Users/admin/Documents/Project/Learning/opengl/include/glad/Makefile&quot;  VERBOSE=1 all"/>
					<CompileFile command="/usr/bin/make -j8 -f &quot;/Users/admin/Documents/Project/Learning/opengl/include/glad/Makefile&quot;  VERBOSE=1 &quot;$file&quot;"/>
					<Clean command="/usr/bin/make -j8 -f &quot;/Users/admin/Documents/Project/Learning/opengl/include/glad/Makefile&quot;  VERBOSE=1 clean"/>
					<DistClean command="/usr/bin/make -j8 -f &quot;/Users/admin/Documents/Project/Learning/opengl/include/glad/Makefile&quot;  VERBOSE=1 clean"/>
				</MakeCommands>
			</Target>
			<Target title="glad">
				<Option output="/Users/admin/Documents/Project/Learning/opengl/include/glad/libglad.a" prefix_auto="0" extension_auto="0"/>
				<Option working_dir="/Users/admin/Documents/Project/Learning/opengl/include/glad"/>
				<Option object_output="./"/>
				<Option type="2"/>
				<Option compiler="gcc"/>
				<Compiler>
					<Add directory="/Users/admin/Documents/Project/Learning/opengl/configuration"/>
					<Add directory="/Library/Developer/CommandLineTools/usr/bin/../include/c++/v1"/>
					<Add directory="/usr/local/include"/>
					<Add directory="/Library/Developer/CommandLineTools/usr/lib/clang/12.0.0/include"/>
					<Add directory="/Library/Developer/CommandLineTools/usr/include"/>
					<Add directory="/System/Library/Frameworks"/>
					<Add directory="/Library/Frameworks"/>
				</Compiler>
				<MakeCommands>
					<Build command="/usr/bin/make -j8 -f &quot;/Users/admin/Documents/Project/Learning/opengl/include/glad/Makefile&quot;  VERBOSE=1 glad"/>
					<CompileFile command="/usr/bin/make -j8 -f &quot;/Users/admin/Documents/Project/Learning/opengl/include/glad/Makefile&quot;  VERBOSE=1 &quot;$file&quot;"/>
					<Clean command="/usr/bin/make -j8 -f &quot;/Users/admin/Documents/Project/Learning/opengl/include/glad/Makefile&quot;  VERBOSE=1 clean"/>
					<DistClean command="/usr/bin/make -j8 -f &quot;/Users/admin/Documents/Project/Learning/opengl/include/glad/Makefile&quot;  VERBOSE=1 clean"/>
				</MakeCommands>
			</Target>
			<Target title="glad/fast">
				<Option output="/Users/admin/Documents/Project/Learning/opengl/include/glad/libglad.a" prefix_auto="0" extension_auto="0"/>
				<Option working_dir="/Users/admin/Documents/Project/Learning/opengl/include/glad"/>
				<Option object_output="./"/>
				<Option type="2"/>
				<Option compiler="gcc"/>
				<Compiler>
					<Add directory="/Users/admin/Documents/Project/Learning/opengl/configuration"/>
					<Add directory="/Library/Developer/CommandLineTools/usr/bin/../include/c++/v1"/>
					<Add directory="/usr/local/include"/>
					<Add directory="/Library/Developer/CommandLineTools/usr/lib/clang/12.0.0/include"/>
					<Add directory="/Library/Developer/CommandLineTools/usr/include"/>
					<Add directory="/System/Library/Frameworks"/>
					<Add directory="/Library/Frameworks"/>
				</Compiler>
				<MakeCommands>
					<Build command="/usr/bin/make -j8 -f &quot;/Users/admin/Documents/Project/Learning/opengl/include/glad/Makefile&quot;  VERBOSE=1 glad/fast"/>
					<CompileFile command="/usr/bin/make -j8 -f &quot;/Users/admin/Documents/Project/Learning/opengl/include/glad/Makefile&quot;  VERBOSE=1 &quot;$file&quot;"/>
					<Clean command="/usr/bin/make -j8 -f &quot;/Users/admin/Documents/Project/Learning/opengl/include/glad/Makefile&quot;  VERBOSE=1 clean"/>
					<DistClean command="/usr/bin/make -j8 -f &quot;/Users/admin/Documents/Project/Learning/opengl/include/glad/Makefile&quot;  VERBOSE=1 clean"/>
				</MakeCommands>
			</Target>
		</Build>
		<Unit filename="/Users/admin/Documents/Project/Learning/opengl/include/glad/glad.c">
			<Option target="glad"/>
		</Unit>
		<Unit filename="/Users/admin/Documents/Project/Learning/opengl/include/glad/glad.h">
			<Option target="glad"/>
		</Unit>
		<Unit filename="/Users/admin/Documents/Project/Learning/opengl/CMakeLists.txt">
			<Option virtualFolder="CMake Files\"/>
		</Unit>
		<Unit filename="/Users/admin/Documents/Project/Learning/opengl/include/glad/CMakeLists.txt">
			<Option virtualFolder="CMake Files\include\glad\"/>
		</Unit>
		<Unit filename="/Users/admin/Documents/Project/Learning/opengl/include/glm/CMakeLists.txt">
			<Option virtualFolder="CMake Files\include\glm\"/>
		</Unit>
		<Unit filename="/Users/admin/Documents/Project/Learning/opengl/../../../../../../usr/local/lib/cmake/glfw3/glfw3Config.cmake">
			<Option virtualFolder="CMake Files\..\..\..\..\..\..\usr\local\lib\cmake\glfw3\"/>
		</Unit>
		<Unit filename="/Users/admin/Documents/Project/Learning/opengl/../../../../../../usr/local/lib/cmake/glfw3/glfw3ConfigVersion.cmake">
			<Option virtualFolder="CMake Files\..\..\..\..\..\..\usr\local\lib\cmake\glfw3\"/>
		</Unit>
		<Unit filename="/Users/admin/Documents/Project/Learning/opengl/../../../../../../usr/local/lib/cmake/glfw3/glfw3Targets-noconfig.cmake">
			<Option virtualFolder="CMake Files\..\..\..\..\..\..\usr\local\lib\cmake\glfw3\"/>
		</Unit>
		<Unit filename="/Users/admin/Documents/Project/Learning/opengl/../../../../../../usr/local/lib/cmake/glfw3/glfw3Targets.cmake">
			<Option virtualFolder="CMake Files\..\..\..\..\..\..\usr\local\lib\cmake\glfw3\"/>
		</Unit>
		<Unit filename="/Users/admin/Documents/Project/Learning/opengl/configuration/root_directory.h.in">
			<Option virtualFolder="CMake Files\configuration\"/>
		</Unit>
	</Project>
</CodeBlocks_project_file>
